// !$*UTF8*$!
{
	archiveVersion = 1;
	classes = {
	};
	objectVersion = 51;
	objects = {

/* Begin PBXBuildFile section */
		8B4A12C049210892588EE133 /* Pods_TestVLCKIT.framework in Frameworks */ = {isa = PBXBuildFile; fileRef = 50D53C9FA1441C7F931635FD /* Pods_TestVLCKIT.framework */; };
		9214F2FC265ADA730061CD3F /* Readme.md in Resources */ = {isa = PBXBuildFile; fileRef = 9214F2FB265ADA730061CD3F /* Readme.md */; };
		9251001826582E2600B605ED /* VLCPlayer.swift in Sources */ = {isa = PBXBuildFile; fileRef = 9251001726582E2600B605ED /* VLCPlayer.swift */; };
		927D7DCD2655696600B6A6E5 /* TestVLCKITApp.swift in Sources */ = {isa = PBXBuildFile; fileRef = 927D7DCC2655696600B6A6E5 /* TestVLCKITApp.swift */; };
		927D7DCF2655696600B6A6E5 /* ContentView.swift in Sources */ = {isa = PBXBuildFile; fileRef = 927D7DCE2655696600B6A6E5 /* ContentView.swift */; };
		927D7DD12655696700B6A6E5 /* Assets.xcassets in Resources */ = {isa = PBXBuildFile; fileRef = 927D7DD02655696700B6A6E5 /* Assets.xcassets */; };
		927D7DD42655696700B6A6E5 /* Preview Assets.xcassets in Resources */ = {isa = PBXBuildFile; fileRef = 927D7DD32655696700B6A6E5 /* Preview Assets.xcassets */; };
/* End PBXBuildFile section */

/* Begin PBXFileReference section */
		50D53C9FA1441C7F931635FD /* Pods_TestVLCKIT.framework */ = {isa = PBXFileReference; explicitFileType = wrapper.framework; includeInIndex = 0; path = Pods_TestVLCKIT.framework; sourceTree = BUILT_PRODUCTS_DIR; };
		54B6EC9D9F338161918A1CB4 /* Pods-TestVLCKIT.release.xcconfig */ = {isa = PBXFileReference; includeInIndex = 1; lastKnownFileType = text.xcconfig; name = "Pods-TestVLCKIT.release.xcconfig"; path = "Target Support Files/Pods-TestVLCKIT/Pods-TestVLCKIT.release.xcconfig"; sourceTree = "<group>"; };
		9214F2FB265ADA730061CD3F /* Readme.md */ = {isa = PBXFileReference; lastKnownFileType = net.daringfireball.markdown; path = Readme.md; sourceTree = "<group>"; };
		9251001726582E2600B605ED /* VLCPlayer.swift */ = {isa = PBXFileReference; lastKnownFileType = sourcecode.swift; path = VLCPlayer.swift; sourceTree = "<group>"; };
		927D7DC92655696600B6A6E5 /* TestVLCKIT.app */ = {isa = PBXFileReference; explicitFileType = wrapper.application; includeInIndex = 0; path = TestVLCKIT.app; sourceTree = BUILT_PRODUCTS_DIR; };
		927D7DCC2655696600B6A6E5 /* TestVLCKITApp.swift */ = {isa = PBXFileReference; lastKnownFileType = sourcecode.swift; path = TestVLCKITApp.swift; sourceTree = "<group>"; };
		927D7DCE2655696600B6A6E5 /* ContentView.swift */ = {isa = PBXFileReference; lastKnownFileType = sourcecode.swift; path = ContentView.swift; sourceTree = "<group>"; };
		927D7DD02655696700B6A6E5 /* Assets.xcassets */ = {isa = PBXFileReference; lastKnownFileType = folder.assetcatalog; path = Assets.xcassets; sourceTree = "<group>"; };
		927D7DD32655696700B6A6E5 /* Preview Assets.xcassets */ = {isa = PBXFileReference; lastKnownFileType = folder.assetcatalog; path = "Preview Assets.xcassets"; sourceTree = "<group>"; };
		927D7DD52655696700B6A6E5 /* Info.plist */ = {isa = PBXFileReference; lastKnownFileType = text.plist.xml; path = Info.plist; sourceTree = "<group>"; };
		927D7DD62655696700B6A6E5 /* TestVLCKIT.entitlements */ = {isa = PBXFileReference; lastKnownFileType = text.plist.entitlements; path = TestVLCKIT.entitlements; sourceTree = "<group>"; };
		BFCA9BCAA196AE4AFB7FE68E /* Pods-TestVLCKIT.debug.xcconfig */ = {isa = PBXFileReference; includeInIndex = 1; lastKnownFileType = text.xcconfig; name = "Pods-TestVLCKIT.debug.xcconfig"; path = "Target Support Files/Pods-TestVLCKIT/Pods-TestVLCKIT.debug.xcconfig"; sourceTree = "<group>"; };
/* End PBXFileReference section */

/* Begin PBXFrameworksBuildPhase section */
		927D7DC62655696600B6A6E5 /* Frameworks */ = {
			isa = PBXFrameworksBuildPhase;
			buildActionMask = 2147483647;
			files = (
				8B4A12C049210892588EE133 /* Pods_TestVLCKIT.framework in Frameworks */,
			);
			runOnlyForDeploymentPostprocessing = 0;
		};
/* End PBXFrameworksBuildPhase section */

/* Begin PBXGroup section */
		2352A976594A0351448FB436 /* Frameworks */ = {
			isa = PBXGroup;
			children = (
				50D53C9FA1441C7F931635FD /* Pods_TestVLCKIT.framework */,
			);
			name = Frameworks;
			sourceTree = "<group>";
		};
		481FCE8E206ABBF7406AE3C3 /* Pods */ = {
			isa = PBXGroup;
			children = (
				BFCA9BCAA196AE4AFB7FE68E /* Pods-TestVLCKIT.debug.xcconfig */,
				54B6EC9D9F338161918A1CB4 /* Pods-TestVLCKIT.release.xcconfig */,
			);
			path = Pods;
			sourceTree = "<group>";
		};
		927D7DC02655696600B6A6E5 = {
			isa = PBXGroup;
			children = (
				9214F2FB265ADA730061CD3F /* Readme.md */,
				927D7DCB2655696600B6A6E5 /* TestVLCKIT */,
				927D7DCA2655696600B6A6E5 /* Products */,
				481FCE8E206ABBF7406AE3C3 /* Pods */,
				2352A976594A0351448FB436 /* Frameworks */,
			);
			sourceTree = "<group>";
		};
		927D7DCA2655696600B6A6E5 /* Products */ = {
			isa = PBXGroup;
			children = (
				927D7DC92655696600B6A6E5 /* TestVLCKIT.app */,
			);
			name = Products;
			sourceTree = "<group>";
		};
		927D7DCB2655696600B6A6E5 /* TestVLCKIT */ = {
			isa = PBXGroup;
			children = (
				927D7DCC2655696600B6A6E5 /* TestVLCKITApp.swift */,
				927D7DCE2655696600B6A6E5 /* ContentView.swift */,
				927D7DD02655696700B6A6E5 /* Assets.xcassets */,
				927D7DD52655696700B6A6E5 /* Info.plist */,
				927D7DD62655696700B6A6E5 /* TestVLCKIT.entitlements */,
				927D7DD22655696700B6A6E5 /* Preview Content */,
				9251001726582E2600B605ED /* VLCPlayer.swift */,
			);
			path = TestVLCKIT;
			sourceTree = "<group>";
		};
		927D7DD22655696700B6A6E5 /* Preview Content */ = {
			isa = PBXGroup;
			children = (
				927D7DD32655696700B6A6E5 /* Preview Assets.xcassets */,
			);
			path = "Preview Content";
			sourceTree = "<group>";
		};
/* End PBXGroup section */

/* Begin PBXNativeTarget section */
		927D7DC82655696600B6A6E5 /* TestVLCKIT */ = {
			isa = PBXNativeTarget;
			buildConfigurationList = 927D7DD92655696700B6A6E5 /* Build configuration list for PBXNativeTarget "TestVLCKIT" */;
			buildPhases = (
				4D3B70C3D3E94F41D2306CBC /* [CP] Check Pods Manifest.lock */,
				927D7DC52655696600B6A6E5 /* Sources */,
				927D7DC62655696600B6A6E5 /* Frameworks */,
				927D7DC72655696600B6A6E5 /* Resources */,
				C5D3D10527B879797662861F /* [CP] Embed Pods Frameworks */,
			);
			buildRules = (
			);
			dependencies = (
			);
			name = TestVLCKIT;
			productName = TestVLC_RTSP;
			productReference = 927D7DC92655696600B6A6E5 /* TestVLCKIT.app */;
			productType = "com.apple.product-type.application";
		};
/* End PBXNativeTarget section */

/* Begin PBXProject section */
		927D7DC12655696600B6A6E5 /* Project object */ = {
			isa = PBXProject;
			attributes = {
				LastSwiftUpdateCheck = 1250;
				LastUpgradeCheck = 1250;
				TargetAttributes = {
					927D7DC82655696600B6A6E5 = {
						CreatedOnToolsVersion = 12.5;
					};
				};
			};
			buildConfigurationList = 927D7DC42655696600B6A6E5 /* Build configuration list for PBXProject "TestVLCKIT" */;
			compatibilityVersion = "Xcode 9.3";
			developmentRegion = en;
			hasScannedForEncodings = 0;
			knownRegions = (
				en,
				Base,
			);
			mainGroup = 927D7DC02655696600B6A6E5;
			productRefGroup = 927D7DCA2655696600B6A6E5 /* Products */;
			projectDirPath = "";
			projectRoot = "";
			targets = (
				927D7DC82655696600B6A6E5 /* TestVLCKIT */,
			);
		};
/* End PBXProject section */

/* Begin PBXResourcesBuildPhase section */
		927D7DC72655696600B6A6E5 /* Resources */ = {
			isa = PBXResourcesBuildPhase;
			buildActionMask = 2147483647;
			files = (
				927D7DD42655696700B6A6E5 /* Preview Assets.xcassets in Resources */,
				927D7DD12655696700B6A6E5 /* Assets.xcassets in Resources */,
				9214F2FC265ADA730061CD3F /* Readme.md in Resources */,
			);
			runOnlyForDeploymentPostprocessing = 0;
		};
/* End PBXResourcesBuildPhase section */

/* Begin PBXShellScriptBuildPhase section */
		4D3B70C3D3E94F41D2306CBC /* [CP] Check Pods Manifest.lock */ = {
			isa = PBXShellScriptBuildPhase;
			buildActionMask = 2147483647;
			files = (
			);
			inputFileListPaths = (
			);
			inputPaths = (
				"${PODS_PODFILE_DIR_PATH}/Podfile.lock",
				"${PODS_ROOT}/Manifest.lock",
			);
			name = "[CP] Check Pods Manifest.lock";
			outputFileListPaths = (
			);
			outputPaths = (
				"$(DERIVED_FILE_DIR)/Pods-TestVLCKIT-checkManifestLockResult.txt",
			);
			runOnlyForDeploymentPostprocessing = 0;
			shellPath = /bin/sh;
			shellScript = "diff \"${PODS_PODFILE_DIR_PATH}/Podfile.lock\" \"${PODS_ROOT}/Manifest.lock\" > /dev/null\nif [ $? != 0 ] ; then\n    # print error to STDERR\n    echo \"error: The sandbox is not in sync with the Podfile.lock. Run 'pod install' or update your CocoaPods installation.\" >&2\n    exit 1\nfi\n# This output is used by Xcode 'outputs' to avoid re-running this script phase.\necho \"SUCCESS\" > \"${SCRIPT_OUTPUT_FILE_0}\"\n";
			showEnvVarsInLog = 0;
		};
		C5D3D10527B879797662861F /* [CP] Embed Pods Frameworks */ = {
			isa = PBXShellScriptBuildPhase;
			buildActionMask = 2147483647;
			files = (
			);
			inputFileListPaths = (
				"${PODS_ROOT}/Target Support Files/Pods-TestVLCKIT/Pods-TestVLCKIT-frameworks-${CONFIGURATION}-input-files.xcfilelist",
			);
			name = "[CP] Embed Pods Frameworks";
			outputFileListPaths = (
				"${PODS_ROOT}/Target Support Files/Pods-TestVLCKIT/Pods-TestVLCKIT-frameworks-${CONFIGURATION}-output-files.xcfilelist",
			);
			runOnlyForDeploymentPostprocessing = 0;
			shellPath = /bin/sh;
			shellScript = "\"${PODS_ROOT}/Target Support Files/Pods-TestVLCKIT/Pods-TestVLCKIT-frameworks.sh\"\n";
			showEnvVarsInLog = 0;
		};
/* End PBXShellScriptBuildPhase section */

/* Begin PBXSourcesBuildPhase section */
		927D7DC52655696600B6A6E5 /* Sources */ = {
			isa = PBXSourcesBuildPhase;
			buildActionMask = 2147483647;
			files = (
				927D7DCF2655696600B6A6E5 /* ContentView.swift in Sources */,
				927D7DCD2655696600B6A6E5 /* TestVLCKITApp.swift in Sources */,
				9251001826582E2600B605ED /* VLCPlayer.swift in Sources */,
			);
			runOnlyForDeploymentPostprocessing = 0;
		};
/* End PBXSourcesBuildPhase section */

/* Begin XCBuildConfiguration section */
		927D7DD72655696700B6A6E5 /* Debug */ = {
			isa = XCBuildConfiguration;
			buildSettings = {
				ALWAYS_SEARCH_USER_PATHS = NO;
				CLANG_ANALYZER_NONNULL = YES;
				CLANG_ANALYZER_NUMBER_OBJECT_CONVERSION = YES_AGGRESSIVE;
				CLANG_CXX_LANGUAGE_STANDARD = "gnu++14";
				CLANG_CXX_LIBRARY = "libc++";
				CLANG_ENABLE_MODULES = YES;
				CLANG_ENABLE_OBJC_ARC = YES;
				CLANG_ENABLE_OBJC_WEAK = YES;
				CLANG_WARN_BLOCK_CAPTURE_AUTORELEASING = YES;
				CLANG_WARN_BOOL_CONVERSION = YES;
				CLANG_WARN_COMMA = YES;
				CLANG_WARN_CONSTANT_CONVERSION = YES;
				CLANG_WARN_DEPRECATED_OBJC_IMPLEMENTATIONS = YES;
				CLANG_WARN_DIRECT_OBJC_ISA_USAGE = YES_ERROR;
				CLANG_WARN_DOCUMENTATION_COMMENTS = YES;
				CLANG_WARN_EMPTY_BODY = YES;
				CLANG_WARN_ENUM_CONVERSION = YES;
				CLANG_WARN_INFINITE_RECURSION = YES;
				CLANG_WARN_INT_CONVERSION = YES;
				CLANG_WARN_NON_LITERAL_NULL_CONVERSION = YES;
				CLANG_WARN_OBJC_IMPLICIT_RETAIN_SELF = YES;
				CLANG_WARN_OBJC_LITERAL_CONVERSION = YES;
				CLANG_WARN_OBJC_ROOT_CLASS = YES_ERROR;
				CLANG_WARN_QUOTED_INCLUDE_IN_FRAMEWORK_HEADER = YES;
				CLANG_WARN_RANGE_LOOP_ANALYSIS = YES;
				CLANG_WARN_STRICT_PROTOTYPES = YES;
				CLANG_WARN_SUSPICIOUS_MOVE = YES;
				CLANG_WARN_UNGUARDED_AVAILABILITY = YES_AGGRESSIVE;
				CLANG_WARN_UNREACHABLE_CODE = YES;
				CLANG_WARN__DUPLICATE_METHOD_MATCH = YES;
				COPY_PHASE_STRIP = NO;
				DEBUG_INFORMATION_FORMAT = dwarf;
				ENABLE_STRICT_OBJC_MSGSEND = YES;
				ENABLE_TESTABILITY = YES;
				GCC_C_LANGUAGE_STANDARD = gnu11;
				GCC_DYNAMIC_NO_PIC = NO;
				GCC_NO_COMMON_BLOCKS = YES;
				GCC_OPTIMIZATION_LEVEL = 0;
				GCC_PREPROCESSOR_DEFINITIONS = (
					"DEBUG=1",
					"$(inherited)",
				);
				GCC_WARN_64_TO_32_BIT_CONVERSION = YES;
				GCC_WARN_ABOUT_RETURN_TYPE = YES_ERROR;
				GCC_WARN_UNDECLARED_SELECTOR = YES;
				GCC_WARN_UNINITIALIZED_AUTOS = YES_AGGRESSIVE;
				GCC_WARN_UNUSED_FUNCTION = YES;
				GCC_WARN_UNUSED_VARIABLE = YES;
				MACOSX_DEPLOYMENT_TARGET = 11.3;
				MTL_ENABLE_DEBUG_INFO = INCLUDE_SOURCE;
				MTL_FAST_MATH = YES;
				ONLY_ACTIVE_ARCH = YES;
				SDKROOT = macosx;
				SWIFT_ACTIVE_COMPILATION_CONDITIONS = DEBUG;
				SWIFT_OPTIMIZATION_LEVEL = "-Onone";
			};
			name = Debug;
		};
		927D7DD82655696700B6A6E5 /* Release */ = {
			isa = XCBuildConfiguration;
			buildSettings = {
				ALWAYS_SEARCH_USER_PATHS = NO;
				CLANG_ANALYZER_NONNULL = YES;
				CLANG_ANALYZER_NUMBER_OBJECT_CONVERSION = YES_AGGRESSIVE;
				CLANG_CXX_LANGUAGE_STANDARD = "gnu++14";
				CLANG_CXX_LIBRARY = "libc++";
				CLANG_ENABLE_MODULES = YES;
				CLANG_ENABLE_OBJC_ARC = YES;
				CLANG_ENABLE_OBJC_WEAK = YES;
				CLANG_WARN_BLOCK_CAPTURE_AUTORELEASING = YES;
				CLANG_WARN_BOOL_CONVERSION = YES;
				CLANG_WARN_COMMA = YES;
				CLANG_WARN_CONSTANT_CONVERSION = YES;
				CLANG_WARN_DEPRECATED_OBJC_IMPLEMENTATIONS = YES;
				CLANG_WARN_DIRECT_OBJC_ISA_USAGE = YES_ERROR;
				CLANG_WARN_DOCUMENTATION_COMMENTS = YES;
				CLANG_WARN_EMPTY_BODY = YES;
				CLANG_WARN_ENUM_CONVERSION = YES;
				CLANG_WARN_INFINITE_RECURSION = YES;
				CLANG_WARN_INT_CONVERSION = YES;
				CLANG_WARN_NON_LITERAL_NULL_CONVERSION = YES;
				CLANG_WARN_OBJC_IMPLICIT_RETAIN_SELF = YES;
				CLANG_WARN_OBJC_LITERAL_CONVERSION = YES;
				CLANG_WARN_OBJC_ROOT_CLASS = YES_ERROR;
				CLANG_WARN_QUOTED_INCLUDE_IN_FRAMEWORK_HEADER = YES;
				CLANG_WARN_RANGE_LOOP_ANALYSIS = YES;
				CLANG_WARN_STRICT_PROTOTYPES = YES;
				CLANG_WARN_SUSPICIOUS_MOVE = YES;
				CLANG_WARN_UNGUARDED_AVAILABILITY = YES_AGGRESSIVE;
				CLANG_WARN_UNREACHABLE_CODE = YES;
				CLANG_WARN__DUPLICATE_METHOD_MATCH = YES;
				COPY_PHASE_STRIP = NO;
				DEBUG_INFORMATION_FORMAT = "dwarf-with-dsym";
				ENABLE_NS_ASSERTIONS = NO;
				ENABLE_STRICT_OBJC_MSGSEND = YES;
				GCC_C_LANGUAGE_STANDARD = gnu11;
				GCC_NO_COMMON_BLOCKS = YES;
				GCC_WARN_64_TO_32_BIT_CONVERSION = YES;
				GCC_WARN_ABOUT_RETURN_TYPE = YES_ERROR;
				GCC_WARN_UNDECLARED_SELECTOR = YES;
				GCC_WARN_UNINITIALIZED_AUTOS = YES_AGGRESSIVE;
				GCC_WARN_UNUSED_FUNCTION = YES;
				GCC_WARN_UNUSED_VARIABLE = YES;
				MACOSX_DEPLOYMENT_TARGET = 11.3;
				MTL_ENABLE_DEBUG_INFO = NO;
				MTL_FAST_MATH = YES;
				SDKROOT = macosx;
				SWIFT_COMPILATION_MODE = wholemodule;
				SWIFT_OPTIMIZATION_LEVEL = "-O";
			};
			name = Release;
		};
		927D7DDA2655696700B6A6E5 /* Debug */ = {
			isa = XCBuildConfiguration;
			baseConfigurationReference = BFCA9BCAA196AE4AFB7FE68E /* Pods-TestVLCKIT.debug.xcconfig */;
			buildSettings = {
				ASSETCATALOG_COMPILER_APPICON_NAME = AppIcon;
				ASSETCATALOG_COMPILER_GLOBAL_ACCENT_COLOR_NAME = AccentColor;
				CODE_SIGN_ENTITLEMENTS = TestVLCKIT/TestVLCKIT.entitlements;
				CODE_SIGN_IDENTITY = "Apple Development";
				CODE_SIGN_STYLE = Automatic;
				COMBINE_HIDPI_IMAGES = YES;
				DEVELOPMENT_ASSET_PATHS = "\"TestVLCKIT/Preview Content\"";
				DEVELOPMENT_TEAM = 4QRJCR224P;
				ENABLE_HARDENED_RUNTIME = YES;
				ENABLE_PREVIEWS = YES;
				INFOPLIST_FILE = TestVLCKIT/Info.plist;
				LD_RUNPATH_SEARCH_PATHS = (
					"$(inherited)",
					"@executable_path/../Frameworks",
				);
				MACOSX_DEPLOYMENT_TARGET = 11.0;
				PRODUCT_BUNDLE_IDENTIFIER = com.denisblondeau.TestVLCKIT;
				PRODUCT_NAME = "$(TARGET_NAME)";
				PROVISIONING_PROFILE_SPECIFIER = "";
				SWIFT_VERSION = 5.0;
			};
			name = Debug;
		};
		927D7DDB2655696700B6A6E5 /* Release */ = {
			isa = XCBuildConfiguration;
			baseConfigurationReference = 54B6EC9D9F338161918A1CB4 /* Pods-TestVLCKIT.release.xcconfig */;
			buildSettings = {
				ASSETCATALOG_COMPILER_APPICON_NAME = AppIcon;
				ASSETCATALOG_COMPILER_GLOBAL_ACCENT_COLOR_NAME = AccentColor;
				CODE_SIGN_ENTITLEMENTS = TestVLCKIT/TestVLCKIT.entitlements;
				CODE_SIGN_IDENTITY = "Apple Development";
				CODE_SIGN_STYLE = Automatic;
				COMBINE_HIDPI_IMAGES = YES;
				DEVELOPMENT_ASSET_PATHS = "\"TestVLCKIT/Preview Content\"";
				DEVELOPMENT_TEAM = 4QRJCR224P;
				ENABLE_HARDENED_RUNTIME = YES;
				ENABLE_PREVIEWS = YES;
				INFOPLIST_FILE = TestVLCKIT/Info.plist;
				LD_RUNPATH_SEARCH_PATHS = (
					"$(inherited)",
					"@executable_path/../Frameworks",
				);
				MACOSX_DEPLOYMENT_TARGET = 11.0;
				PRODUCT_BUNDLE_IDENTIFIER = com.denisblondeau.TestVLCKIT;
				PRODUCT_NAME = "$(TARGET_NAME)";
				PROVISIONING_PROFILE_SPECIFIER = "";
				SWIFT_VERSION = 5.0;
			};
			name = Release;
		};
/* End XCBuildConfiguration section */

/* Begin XCConfigurationList section */
		927D7DC42655696600B6A6E5 /* Build configuration list for PBXProject "TestVLCKIT" */ = {
			isa = XCConfigurationList;
			buildConfigurations = (
				927D7DD72655696700B6A6E5 /* Debug */,
				927D7DD82655696700B6A6E5 /* Release */,
			);
			defaultConfigurationIsVisible = 0;
			defaultConfigurationName = Release;
		};
		927D7DD92655696700B6A6E5 /* Build configuration list for PBXNativeTarget "TestVLCKIT" */ = {
			isa = XCConfigurationList;
			buildConfigurations = (
				927D7DDA2655696700B6A6E5 /* Debug */,
				927D7DDB2655696700B6A6E5 /* Release */,
			);
			defaultConfigurationIsVisible = 0;
			defaultConfigurationName = Release;
		};
/* End XCConfigurationList section */
	};
	rootObject = 927D7DC12655696600B6A6E5 /* Project object */;
}
